// !$*UTF8*$!
{
	archiveVersion = 1;
	classes = {
	};
	objectVersion = 46;
	objects = {

/* Begin PBXBuildFile section */
		303AF7361A0FF35100841CE2 /* AppDelegate.swift in Sources */ = {isa = PBXBuildFile; fileRef = 303AF7351A0FF35100841CE2 /* AppDelegate.swift */; };
		303AF7391A0FF35100841CE2 /* Postcard.xcdatamodeld in Sources */ = {isa = PBXBuildFile; fileRef = 303AF7371A0FF35100841CE2 /* Postcard.xcdatamodeld */; };
		303AF73B1A0FF35100841CE2 /* ViewController.swift in Sources */ = {isa = PBXBuildFile; fileRef = 303AF73A1A0FF35100841CE2 /* ViewController.swift */; };
		303AF73E1A0FF35100841CE2 /* Main.storyboard in Resources */ = {isa = PBXBuildFile; fileRef = 303AF73C1A0FF35100841CE2 /* Main.storyboard */; };
		303AF7401A0FF35100841CE2 /* Images.xcassets in Resources */ = {isa = PBXBuildFile; fileRef = 303AF73F1A0FF35100841CE2 /* Images.xcassets */; };
		303AF7431A0FF35100841CE2 /* LaunchScreen.xib in Resources */ = {isa = PBXBuildFile; fileRef = 303AF7411A0FF35100841CE2 /* LaunchScreen.xib */; };
		303AF74F1A0FF35100841CE2 /* PostcardTests.swift in Sources */ = {isa = PBXBuildFile; fileRef = 303AF74E1A0FF35100841CE2 /* PostcardTests.swift */; };
		303AF75B1A1003EB00841CE2 /* 33886-fullsize.jpg in Resources */ = {isa = PBXBuildFile; fileRef = 303AF75A1A1003EB00841CE2 /* 33886-fullsize.jpg */; };
		303AF75D1A10098C00841CE2 /* simpson-hair.jpg in Resources */ = {isa = PBXBuildFile; fileRef = 303AF75C1A10098C00841CE2 /* simpson-hair.jpg */; };
/* End PBXBuildFile section */

/* Begin PBXContainerItemProxy section */
		303AF7491A0FF35100841CE2 /* PBXContainerItemProxy */ = {
			isa = PBXContainerItemProxy;
			containerPortal = 303AF7281A0FF35000841CE2 /* Project object */;
			proxyType = 1;
			remoteGlobalIDString = 303AF72F1A0FF35000841CE2;
			remoteInfo = Postcard;
		};
/* End PBXContainerItemProxy section */

/* Begin PBXFileReference section */
		303AF7301A0FF35100841CE2 /* Postcard.app */ = {isa = PBXFileReference; explicitFileType = wrapper.application; includeInIndex = 0; path = Postcard.app; sourceTree = BUILT_PRODUCTS_DIR; };
		303AF7341A0FF35100841CE2 /* Info.plist */ = {isa = PBXFileReference; lastKnownFileType = text.plist.xml; path = Info.plist; sourceTree = "<group>"; };
		303AF7351A0FF35100841CE2 /* AppDelegate.swift */ = {isa = PBXFileReference; lastKnownFileType = sourcecode.swift; path = AppDelegate.swift; sourceTree = "<group>"; };
		303AF7381A0FF35100841CE2 /* Postcard.xcdatamodel */ = {isa = PBXFileReference; lastKnownFileType = wrapper.xcdatamodel; path = Postcard.xcdatamodel; sourceTree = "<group>"; };
		303AF73A1A0FF35100841CE2 /* ViewController.swift */ = {isa = PBXFileReference; lastKnownFileType = sourcecode.swift; path = ViewController.swift; sourceTree = "<group>"; };
		303AF73D1A0FF35100841CE2 /* Base */ = {isa = PBXFileReference; lastKnownFileType = file.storyboard; name = Base; path = Base.lproj/Main.storyboard; sourceTree = "<group>"; };
		303AF73F1A0FF35100841CE2 /* Images.xcassets */ = {isa = PBXFileReference; lastKnownFileType = folder.assetcatalog; path = Images.xcassets; sourceTree = "<group>"; };
		303AF7421A0FF35100841CE2 /* Base */ = {isa = PBXFileReference; lastKnownFileType = file.xib; name = Base; path = Base.lproj/LaunchScreen.xib; sourceTree = "<group>"; };
		303AF7481A0FF35100841CE2 /* PostcardTests.xctest */ = {isa = PBXFileReference; explicitFileType = wrapper.cfbundle; includeInIndex = 0; path = PostcardTests.xctest; sourceTree = BUILT_PRODUCTS_DIR; };
		303AF74D1A0FF35100841CE2 /* Info.plist */ = {isa = PBXFileReference; lastKnownFileType = text.plist.xml; path = Info.plist; sourceTree = "<group>"; };
		303AF74E1A0FF35100841CE2 /* PostcardTests.swift */ = {isa = PBXFileReference; lastKnownFileType = sourcecode.swift; path = PostcardTests.swift; sourceTree = "<group>"; };
		303AF7591A0FFFDA00841CE2 /* en */ = {isa = PBXFileReference; lastKnownFileType = text.plist.strings; name = en; path = en.lproj/Main.strings; sourceTree = "<group>"; };
		303AF75A1A1003EB00841CE2 /* 33886-fullsize.jpg */ = {isa = PBXFileReference; lastKnownFileType = image.jpeg; path = "33886-fullsize.jpg"; sourceTree = "<group>"; };
		303AF75C1A10098C00841CE2 /* simpson-hair.jpg */ = {isa = PBXFileReference; lastKnownFileType = image.jpeg; path = "simpson-hair.jpg"; sourceTree = "<group>"; };
/* End PBXFileReference section */

/* Begin PBXFrameworksBuildPhase section */
		303AF72D1A0FF35000841CE2 /* Frameworks */ = {
			isa = PBXFrameworksBuildPhase;
			buildActionMask = 2147483647;
			files = (
			);
			runOnlyForDeploymentPostprocessing = 0;
		};
		303AF7451A0FF35100841CE2 /* Frameworks */ = {
			isa = PBXFrameworksBuildPhase;
			buildActionMask = 2147483647;
			files = (
			);
			runOnlyForDeploymentPostprocessing = 0;
		};
/* End PBXFrameworksBuildPhase section */

/* Begin PBXGroup section */
		303AF7271A0FF35000841CE2 = {
			isa = PBXGroup;
			children = (
				303AF7321A0FF35100841CE2 /* Postcard */,
				303AF74B1A0FF35100841CE2 /* PostcardTests */,
				303AF7311A0FF35100841CE2 /* Products */,
			);
			sourceTree = "<group>";
		};
		303AF7311A0FF35100841CE2 /* Products */ = {
			isa = PBXGroup;
			children = (
				303AF7301A0FF35100841CE2 /* Postcard.app */,
				303AF7481A0FF35100841CE2 /* PostcardTests.xctest */,
			);
			name = Products;
			sourceTree = "<group>";
		};
		303AF7321A0FF35100841CE2 /* Postcard */ = {
			isa = PBXGroup;
			children = (
				303AF7351A0FF35100841CE2 /* AppDelegate.swift */,
				303AF73A1A0FF35100841CE2 /* ViewController.swift */,
				303AF73C1A0FF35100841CE2 /* Main.storyboard */,
				303AF73F1A0FF35100841CE2 /* Images.xcassets */,
				303AF7411A0FF35100841CE2 /* LaunchScreen.xib */,
				303AF7371A0FF35100841CE2 /* Postcard.xcdatamodeld */,
				303AF7331A0FF35100841CE2 /* Supporting Files */,
			);
			path = Postcard;
			sourceTree = "<group>";
		};
		303AF7331A0FF35100841CE2 /* Supporting Files */ = {
			isa = PBXGroup;
			children = (
				303AF75C1A10098C00841CE2 /* simpson-hair.jpg */,
				303AF75A1A1003EB00841CE2 /* 33886-fullsize.jpg */,
				303AF7341A0FF35100841CE2 /* Info.plist */,
			);
			name = "Supporting Files";
			sourceTree = "<group>";
		};
		303AF74B1A0FF35100841CE2 /* PostcardTests */ = {
			isa = PBXGroup;
			children = (
				303AF74E1A0FF35100841CE2 /* PostcardTests.swift */,
				303AF74C1A0FF35100841CE2 /* Supporting Files */,
			);
			path = PostcardTests;
			sourceTree = "<group>";
		};
		303AF74C1A0FF35100841CE2 /* Supporting Files */ = {
			isa = PBXGroup;
			children = (
				303AF74D1A0FF35100841CE2 /* Info.plist */,
			);
			name = "Supporting Files";
			sourceTree = "<group>";
		};
/* End PBXGroup section */

/* Begin PBXNativeTarget section */
		303AF72F1A0FF35000841CE2 /* Postcard */ = {
			isa = PBXNativeTarget;
			buildConfigurationList = 303AF7521A0FF35100841CE2 /* Build configuration list for PBXNativeTarget "Postcard" */;
			buildPhases = (
				303AF72C1A0FF35000841CE2 /* Sources */,
				303AF72D1A0FF35000841CE2 /* Frameworks */,
				303AF72E1A0FF35000841CE2 /* Resources */,
			);
			buildRules = (
			);
			dependencies = (
			);
			name = Postcard;
			productName = Postcard;
			productReference = 303AF7301A0FF35100841CE2 /* Postcard.app */;
			productType = "com.apple.product-type.application";
		};
		303AF7471A0FF35100841CE2 /* PostcardTests */ = {
			isa = PBXNativeTarget;
			buildConfigurationList = 303AF7551A0FF35100841CE2 /* Build configuration list for PBXNativeTarget "PostcardTests" */;
			buildPhases = (
				303AF7441A0FF35100841CE2 /* Sources */,
				303AF7451A0FF35100841CE2 /* Frameworks */,
				303AF7461A0FF35100841CE2 /* Resources */,
			);
			buildRules = (
			);
			dependencies = (
				303AF74A1A0FF35100841CE2 /* PBXTargetDependency */,
			);
			name = PostcardTests;
			productName = PostcardTests;
			productReference = 303AF7481A0FF35100841CE2 /* PostcardTests.xctest */;
			productType = "com.apple.product-type.bundle.unit-test";
		};
/* End PBXNativeTarget section */

/* Begin PBXProject section */
		303AF7281A0FF35000841CE2 /* Project object */ = {
			isa = PBXProject;
			attributes = {
				LastUpgradeCheck = 0610;
				ORGANIZATIONNAME = Tasin;
				TargetAttributes = {
					303AF72F1A0FF35000841CE2 = {
						CreatedOnToolsVersion = 6.1;
					};
					303AF7471A0FF35100841CE2 = {
						CreatedOnToolsVersion = 6.1;
						TestTargetID = 303AF72F1A0FF35000841CE2;
					};
				};
			};
			buildConfigurationList = 303AF72B1A0FF35000841CE2 /* Build configuration list for PBXProject "Postcard" */;
			compatibilityVersion = "Xcode 3.2";
			developmentRegion = English;
			hasScannedForEncodings = 0;
			knownRegions = (
				en,
				Base,
			);
			mainGroup = 303AF7271A0FF35000841CE2;
			productRefGroup = 303AF7311A0FF35100841CE2 /* Products */;
			projectDirPath = "";
			projectRoot = "";
			targets = (
				303AF72F1A0FF35000841CE2 /* Postcard */,
				303AF7471A0FF35100841CE2 /* PostcardTests */,
			);
		};
/* End PBXProject section */

/* Begin PBXResourcesBuildPhase section */
		303AF72E1A0FF35000841CE2 /* Resources */ = {
			isa = PBXResourcesBuildPhase;
			buildActionMask = 2147483647;
			files = (
				303AF75B1A1003EB00841CE2 /* 33886-fullsize.jpg in Resources */,
				303AF73E1A0FF35100841CE2 /* Main.storyboard in Resources */,
				303AF7431A0FF35100841CE2 /* LaunchScreen.xib in Resources */,
				303AF75D1A10098C00841CE2 /* simpson-hair.jpg in Resources */,
				303AF7401A0FF35100841CE2 /* Images.xcassets in Resources */,
			);
			runOnlyForDeploymentPostprocessing = 0;
		};
		303AF7461A0FF35100841CE2 /* Resources */ = {
			isa = PBXResourcesBuildPhase;
			buildActionMask = 2147483647;
			files = (
			);
			runOnlyForDeploymentPostprocessing = 0;
		};
/* End PBXResourcesBuildPhase section */

/* Begin PBXSourcesBuildPhase section */
		303AF72C1A0FF35000841CE2 /* Sources */ = {
			isa = PBXSourcesBuildPhase;
			buildActionMask = 2147483647;
			files = (
				303AF73B1A0FF35100841CE2 /* ViewController.swift in Sources */,
				303AF7361A0FF35100841CE2 /* AppDelegate.swift in Sources */,
				303AF7391A0FF35100841CE2 /* Postcard.xcdatamodeld in Sources */,
			);
			runOnlyForDeploymentPostprocessing = 0;
		};
		303AF7441A0FF35100841CE2 /* Sources */ = {
			isa = PBXSourcesBuildPhase;
			buildActionMask = 2147483647;
			files = (
				303AF74F1A0FF35100841CE2 /* PostcardTests.swift in Sources */,
			);
			runOnlyForDeploymentPostprocessing = 0;
		};
/* End PBXSourcesBuildPhase section */

/* Begin PBXTargetDependency section */
		303AF74A1A0FF35100841CE2 /* PBXTargetDependency */ = {
			isa = PBXTargetDependency;
			target = 303AF72F1A0FF35000841CE2 /* Postcard */;
			targetProxy = 303AF7491A0FF35100841CE2 /* PBXContainerItemProxy */;
		};
/* End PBXTargetDependency section */

/* Begin PBXVariantGroup section */
		303AF73C1A0FF35100841CE2 /* Main.storyboard */ = {
			isa = PBXVariantGroup;
			children = (
				303AF73D1A0FF35100841CE2 /* Base */,
				303AF7591A0FFFDA00841CE2 /* en */,
			);
			name = Main.storyboard;
			sourceTree = "<group>";
		};
		303AF7411A0FF35100841CE2 /* LaunchScreen.xib */ = {
			isa = PBXVariantGroup;
			children = (
				303AF7421A0FF35100841CE2 /* Base */,
			);
			name = LaunchScreen.xib;
			sourceTree = "<group>";
		};
/* End PBXVariantGroup section */

/* Begin XCBuildConfiguration section */
		303AF7501A0FF35100841CE2 /* Debug */ = {
			isa = XCBuildConfiguration;
			buildSettings = {
				ALWAYS_SEARCH_USER_PATHS = NO;
				CLANG_CXX_LANGUAGE_STANDARD = "gnu++0x";
				CLANG_CXX_LIBRARY = "libc++";
				CLANG_ENABLE_MODULES = YES;
				CLANG_ENABLE_OBJC_ARC = YES;
				CLANG_WARN_BOOL_CONVERSION = YES;
				CLANG_WARN_CONSTANT_CONVERSION = YES;
				CLANG_WARN_DIRECT_OBJC_ISA_USAGE = YES_ERROR;
				CLANG_WARN_EMPTY_BODY = YES;
				CLANG_WARN_ENUM_CONVERSION = YES;
				CLANG_WARN_INT_CONVERSION = YES;
				CLANG_WARN_OBJC_ROOT_CLASS = YES_ERROR;
				CLANG_WARN_UNREACHABLE_CODE = YES;
				CLANG_WARN__DUPLICATE_METHOD_MATCH = YES;
				"CODE_SIGN_IDENTITY[sdk=iphoneos*]" = "iPhone Developer";
				COPY_PHASE_STRIP = NO;
				ENABLE_STRICT_OBJC_MSGSEND = YES;
				GCC_C_LANGUAGE_STANDARD = gnu99;
				GCC_DYNAMIC_NO_PIC = NO;
				GCC_OPTIMIZATION_LEVEL = 0;
				GCC_PREPROCESSOR_DEFINITIONS = (
					"DEBUG=1",
					"$(inherited)",
				);
				GCC_SYMBOLS_PRIVATE_EXTERN = NO;
				GCC_WARN_64_TO_32_BIT_CONVERSION = YES;
				GCC_WARN_ABOUT_RETURN_TYPE = YES_ERROR;
				GCC_WARN_UNDECLARED_SELECTOR = YES;
				GCC_WARN_UNINITIALIZED_AUTOS = YES_AGGRESSIVE;
				GCC_WARN_UNUSED_FUNCTION = YES;
				GCC_WARN_UNUSED_VARIABLE = YES;
				IPHONEOS_DEPLOYMENT_TARGET = 8.1;
				MTL_ENABLE_DEBUG_INFO = YES;
				ONLY_ACTIVE_ARCH = YES;
				SDKROOT = iphoneos;
				SWIFT_OPTIMIZATION_LEVEL = "-Onone";
				TARGETED_DEVICE_FAMILY = "1,2";
			};
			name = Debug;
		};
		303AF7511A0FF35100841CE2 /* Release */ = {
			isa = XCBuildConfiguration;
			buildSettings = {
				ALWAYS_SEARCH_USER_PATHS = NO;
				CLANG_CXX_LANGUAGE_STANDARD = "gnu++0x";
				CLANG_CXX_LIBRARY = "libc++";
				CLANG_ENABLE_MODULES = YES;
				CLANG_ENABLE_OBJC_ARC = YES;
				CLANG_WARN_BOOL_CONVERSION = YES;
				CLANG_WARN_CONSTANT_CONVERSION = YES;
				CLANG_WARN_DIRECT_OBJC_ISA_USAGE = YES_ERROR;
				CLANG_WARN_EMPTY_BODY = YES;
				CLANG_WARN_ENUM_CONVERSION = YES;
				CLANG_WARN_INT_CONVERSION = YES;
				CLANG_WARN_OBJC_ROOT_CLASS = YES_ERROR;
				CLANG_WARN_UNREACHABLE_CODE = YES;
				CLANG_WARN__DUPLICATE_METHOD_MATCH = YES;
				"CODE_SIGN_IDENTITY[sdk=iphoneos*]" = "iPhone Developer";
				COPY_PHASE_STRIP = YES;
				ENABLE_NS_ASSERTIONS = NO;
				ENABLE_STRICT_OBJC_MSGSEND = YES;
				GCC_C_LANGUAGE_STANDARD = gnu99;
				GCC_WARN_64_TO_32_BIT_CONVERSION = YES;
				GCC_WARN_ABOUT_RETURN_TYPE = YES_ERROR;
				GCC_WARN_UNDECLARED_SELECTOR = YES;
				GCC_WARN_UNINITIALIZED_AUTOS = YES_AGGRESSIVE;
				GCC_WARN_UNUSED_FUNCTION = YES;
				GCC_WARN_UNUSED_VARIABLE = YES;
				IPHONEOS_DEPLOYMENT_TARGET = 8.1;
				MTL_ENABLE_DEBUG_INFO = NO;
				SDKROOT = iphoneos;
				TARGETED_DEVICE_FAMILY = "1,2";
				VALIDATE_PRODUCT = YES;
			};
			name = Release;
		};
		303AF7531A0FF35100841CE2 /* Debug */ = {
			isa = XCBuildConfiguration;
			buildSettings = {
				ASSETCATALOG_COMPILER_APPICON_NAME = AppIcon;
				INFOPLIST_FILE = Postcard/Info.plist;
				LD_RUNPATH_SEARCH_PATHS = "$(inherited) @executable_path/Frameworks";
				PRODUCT_NAME = "$(TARGET_NAME)";
			};
			name = Debug;
		};
		303AF7541A0FF35100841CE2 /* Release */ = {
			isa = XCBuildConfiguration;
			buildSettings = {
				ASSETCATALOG_COMPILER_APPICON_NAME = AppIcon;
				INFOPLIST_FILE = Postcard/Info.plist;
				LD_RUNPATH_SEARCH_PATHS = "$(inherited) @executable_path/Frameworks";
				PRODUCT_NAME = "$(TARGET_NAME)";
			};
			name = Release;
		};
		303AF7561A0FF35100841CE2 /* Debug */ = {
			isa = XCBuildConfiguration;
			buildSettings = {
				BUNDLE_LOADER = "$(TEST_HOST)";
				FRAMEWORK_SEARCH_PATHS = (
					"$(SDKROOT)/Developer/Library/Frameworks",
					"$(inherited)",
				);
				GCC_PREPROCESSOR_DEFINITIONS = (
					"DEBUG=1",
					"$(inherited)",
				);
				INFOPLIST_FILE = PostcardTests/Info.plist;
				LD_RUNPATH_SEARCH_PATHS = "$(inherited) @executable_path/Frameworks @loader_path/Frameworks";
				PRODUCT_NAME = "$(TARGET_NAME)";
				TEST_HOST = "$(BUILT_PRODUCTS_DIR)/Postcard.app/Postcard";
			};
			name = Debug;
		};
		303AF7571A0FF35100841CE2 /* Release */ = {
			isa = XCBuildConfiguration;
			buildSettings = {
				BUNDLE_LOADER = "$(TEST_HOST)";
				FRAMEWORK_SEARCH_PATHS = (
					"$(SDKROOT)/Developer/Library/Frameworks",
					"$(inherited)",
				);
				INFOPLIST_FILE = PostcardTests/Info.plist;
				LD_RUNPATH_SEARCH_PATHS = "$(inherited) @executable_path/Frameworks @loader_path/Frameworks";
				PRODUCT_NAME = "$(TARGET_NAME)";
				TEST_HOST = "$(BUILT_PRODUCTS_DIR)/Postcard.app/Postcard";
			};
			name = Release;
		};
/* End XCBuildConfiguration section */

/* Begin XCConfigurationList section */
		303AF72B1A0FF35000841CE2 /* Build configuration list for PBXProject "Postcard" */ = {
			isa = XCConfigurationList;
			buildConfigurations = (
				303AF7501A0FF35100841CE2 /* Debug */,
				303AF7511A0FF35100841CE2 /* Release */,
			);
			defaultConfigurationIsVisible = 0;
			defaultConfigurationName = Release;
		};
		303AF7521A0FF35100841CE2 /* Build configuration list for PBXNativeTarget "Postcard" */ = {
			isa = XCConfigurationList;
			buildConfigurations = (
				303AF7531A0FF35100841CE2 /* Debug */,
				303AF7541A0FF35100841CE2 /* Release */,
			);
			defaultConfigurationIsVisible = 0;
		};
		303AF7551A0FF35100841CE2 /* Build configuration list for PBXNativeTarget "PostcardTests" */ = {
			isa = XCConfigurationList;
			buildConfigurations = (
				303AF7561A0FF35100841CE2 /* Debug */,
				303AF7571A0FF35100841CE2 /* Release */,
			);
			defaultConfigurationIsVisible = 0;
		};
/* End XCConfigurationList section */

/* Begin XCVersionGroup section */
		303AF7371A0FF35100841CE2 /* Postcard.xcdatamodeld */ = {
			isa = XCVersionGroup;
			children = (
				303AF7381A0FF35100841CE2 /* Postcard.xcdatamodel */,
			);
			currentVersion = 303AF7381A0FF35100841CE2 /* Postcard.xcdatamodel */;
			path = Postcard.xcdatamodeld;
			sourceTree = "<group>";
			versionGroupType = wrapper.xcdatamodel;
		};
/* End XCVersionGroup section */
	};
	rootObject = 303AF7281A0FF35000841CE2 /* Project object */;
}
