// !$*UTF8*$!
{
	archiveVersion = 1;
	classes = {
	};
	objectVersion = 46;
	objects = {

/* Begin PBXBuildFile section */
		30DD57331A1E859C009F0D9E /* Loion.swift in Sources */ = {isa = PBXBuildFile; fileRef = 30DD57321A1E859C009F0D9E /* Loion.swift */; };
		30DD57351A1E9A9A009F0D9E /* LionCub.swift in Sources */ = {isa = PBXBuildFile; fileRef = 30DD57341A1E9A9A009F0D9E /* LionCub.swift */; };
		30E532FF1A1C0616000A41AB /* AppDelegate.swift in Sources */ = {isa = PBXBuildFile; fileRef = 30E532FE1A1C0616000A41AB /* AppDelegate.swift */; };
		30E533011A1C0616000A41AB /* ViewController.swift in Sources */ = {isa = PBXBuildFile; fileRef = 30E533001A1C0616000A41AB /* ViewController.swift */; };
		30E533041A1C0616000A41AB /* Main.storyboard in Resources */ = {isa = PBXBuildFile; fileRef = 30E533021A1C0616000A41AB /* Main.storyboard */; };
		30E533061A1C0616000A41AB /* Images.xcassets in Resources */ = {isa = PBXBuildFile; fileRef = 30E533051A1C0616000A41AB /* Images.xcassets */; };
		30E533091A1C0616000A41AB /* LaunchScreen.xib in Resources */ = {isa = PBXBuildFile; fileRef = 30E533071A1C0616000A41AB /* LaunchScreen.xib */; };
		30E533151A1C0616000A41AB /* LionsAndTigersTests.swift in Sources */ = {isa = PBXBuildFile; fileRef = 30E533141A1C0616000A41AB /* LionsAndTigersTests.swift */; };
		30E5331F1A1C095A000A41AB /* Tiger.swift in Sources */ = {isa = PBXBuildFile; fileRef = 30E5331E1A1C095A000A41AB /* Tiger.swift */; };
		30E533291A1C0BA6000A41AB /* BengalTiger.jpg in Resources */ = {isa = PBXBuildFile; fileRef = 30E533211A1C0BA6000A41AB /* BengalTiger.jpg */; };
		30E5332A1A1C0BA6000A41AB /* IndochineseTiger.jpg in Resources */ = {isa = PBXBuildFile; fileRef = 30E533221A1C0BA6000A41AB /* IndochineseTiger.jpg */; };
		30E5332B1A1C0BA6000A41AB /* Lion.jpg in Resources */ = {isa = PBXBuildFile; fileRef = 30E533231A1C0BA6000A41AB /* Lion.jpg */; };
		30E5332C1A1C0BA6000A41AB /* LionCub1.jpg in Resources */ = {isa = PBXBuildFile; fileRef = 30E533241A1C0BA6000A41AB /* LionCub1.jpg */; };
		30E5332D1A1C0BA6000A41AB /* LionCub2.jpeg in Resources */ = {isa = PBXBuildFile; fileRef = 30E533251A1C0BA6000A41AB /* LionCub2.jpeg */; };
		30E5332E1A1C0BA6000A41AB /* Lioness.jpeg in Resources */ = {isa = PBXBuildFile; fileRef = 30E533261A1C0BA6000A41AB /* Lioness.jpeg */; };
		30E5332F1A1C0BA6000A41AB /* MalayanTiger.jpg in Resources */ = {isa = PBXBuildFile; fileRef = 30E533271A1C0BA6000A41AB /* MalayanTiger.jpg */; };
		30E533301A1C0BA6000A41AB /* SiberianTiger.jpg in Resources */ = {isa = PBXBuildFile; fileRef = 30E533281A1C0BA6000A41AB /* SiberianTiger.jpg */; };
/* End PBXBuildFile section */

/* Begin PBXContainerItemProxy section */
		30E5330F1A1C0616000A41AB /* PBXContainerItemProxy */ = {
			isa = PBXContainerItemProxy;
			containerPortal = 30E532F11A1C0616000A41AB /* Project object */;
			proxyType = 1;
			remoteGlobalIDString = 30E532F81A1C0616000A41AB;
			remoteInfo = LionsAndTigers;
		};
/* End PBXContainerItemProxy section */

/* Begin PBXFileReference section */
		30DD57321A1E859C009F0D9E /* Loion.swift */ = {isa = PBXFileReference; fileEncoding = 4; lastKnownFileType = sourcecode.swift; path = Loion.swift; sourceTree = "<group>"; };
		30DD57341A1E9A9A009F0D9E /* LionCub.swift */ = {isa = PBXFileReference; fileEncoding = 4; lastKnownFileType = sourcecode.swift; path = LionCub.swift; sourceTree = "<group>"; };
		30E532F91A1C0616000A41AB /* LionsAndTigers.app */ = {isa = PBXFileReference; explicitFileType = wrapper.application; includeInIndex = 0; path = LionsAndTigers.app; sourceTree = BUILT_PRODUCTS_DIR; };
		30E532FD1A1C0616000A41AB /* Info.plist */ = {isa = PBXFileReference; lastKnownFileType = text.plist.xml; path = Info.plist; sourceTree = "<group>"; };
		30E532FE1A1C0616000A41AB /* AppDelegate.swift */ = {isa = PBXFileReference; lastKnownFileType = sourcecode.swift; path = AppDelegate.swift; sourceTree = "<group>"; };
		30E533001A1C0616000A41AB /* ViewController.swift */ = {isa = PBXFileReference; lastKnownFileType = sourcecode.swift; path = ViewController.swift; sourceTree = "<group>"; };
		30E533031A1C0616000A41AB /* Base */ = {isa = PBXFileReference; lastKnownFileType = file.storyboard; name = Base; path = Base.lproj/Main.storyboard; sourceTree = "<group>"; };
		30E533051A1C0616000A41AB /* Images.xcassets */ = {isa = PBXFileReference; lastKnownFileType = folder.assetcatalog; path = Images.xcassets; sourceTree = "<group>"; };
		30E533081A1C0616000A41AB /* Base */ = {isa = PBXFileReference; lastKnownFileType = file.xib; name = Base; path = Base.lproj/LaunchScreen.xib; sourceTree = "<group>"; };
		30E5330E1A1C0616000A41AB /* LionsAndTigersTests.xctest */ = {isa = PBXFileReference; explicitFileType = wrapper.cfbundle; includeInIndex = 0; path = LionsAndTigersTests.xctest; sourceTree = BUILT_PRODUCTS_DIR; };
		30E533131A1C0616000A41AB /* Info.plist */ = {isa = PBXFileReference; lastKnownFileType = text.plist.xml; path = Info.plist; sourceTree = "<group>"; };
		30E533141A1C0616000A41AB /* LionsAndTigersTests.swift */ = {isa = PBXFileReference; lastKnownFileType = sourcecode.swift; path = LionsAndTigersTests.swift; sourceTree = "<group>"; };
		30E5331E1A1C095A000A41AB /* Tiger.swift */ = {isa = PBXFileReference; fileEncoding = 4; lastKnownFileType = sourcecode.swift; path = Tiger.swift; sourceTree = "<group>"; };
		30E533211A1C0BA6000A41AB /* BengalTiger.jpg */ = {isa = PBXFileReference; lastKnownFileType = image.jpeg; path = BengalTiger.jpg; sourceTree = "<group>"; };
		30E533221A1C0BA6000A41AB /* IndochineseTiger.jpg */ = {isa = PBXFileReference; lastKnownFileType = image.jpeg; path = IndochineseTiger.jpg; sourceTree = "<group>"; };
		30E533231A1C0BA6000A41AB /* Lion.jpg */ = {isa = PBXFileReference; lastKnownFileType = image.jpeg; path = Lion.jpg; sourceTree = "<group>"; };
		30E533241A1C0BA6000A41AB /* LionCub1.jpg */ = {isa = PBXFileReference; lastKnownFileType = image.jpeg; path = LionCub1.jpg; sourceTree = "<group>"; };
		30E533251A1C0BA6000A41AB /* LionCub2.jpeg */ = {isa = PBXFileReference; lastKnownFileType = image.jpeg; path = LionCub2.jpeg; sourceTree = "<group>"; };
		30E533261A1C0BA6000A41AB /* Lioness.jpeg */ = {isa = PBXFileReference; lastKnownFileType = image.jpeg; path = Lioness.jpeg; sourceTree = "<group>"; };
		30E533271A1C0BA6000A41AB /* MalayanTiger.jpg */ = {isa = PBXFileReference; lastKnownFileType = image.jpeg; path = MalayanTiger.jpg; sourceTree = "<group>"; };
		30E533281A1C0BA6000A41AB /* SiberianTiger.jpg */ = {isa = PBXFileReference; lastKnownFileType = image.jpeg; path = SiberianTiger.jpg; sourceTree = "<group>"; };
/* End PBXFileReference section */

/* Begin PBXFrameworksBuildPhase section */
		30E532F61A1C0616000A41AB /* Frameworks */ = {
			isa = PBXFrameworksBuildPhase;
			buildActionMask = 2147483647;
			files = (
			);
			runOnlyForDeploymentPostprocessing = 0;
		};
		30E5330B1A1C0616000A41AB /* Frameworks */ = {
			isa = PBXFrameworksBuildPhase;
			buildActionMask = 2147483647;
			files = (
			);
			runOnlyForDeploymentPostprocessing = 0;
		};
/* End PBXFrameworksBuildPhase section */

/* Begin PBXGroup section */
		30E532F01A1C0616000A41AB = {
			isa = PBXGroup;
			children = (
				30E532FB1A1C0616000A41AB /* LionsAndTigers */,
				30E533111A1C0616000A41AB /* LionsAndTigersTests */,
				30E532FA1A1C0616000A41AB /* Products */,
			);
			sourceTree = "<group>";
		};
		30E532FA1A1C0616000A41AB /* Products */ = {
			isa = PBXGroup;
			children = (
				30E532F91A1C0616000A41AB /* LionsAndTigers.app */,
				30E5330E1A1C0616000A41AB /* LionsAndTigersTests.xctest */,
			);
			name = Products;
			sourceTree = "<group>";
		};
		30E532FB1A1C0616000A41AB /* LionsAndTigers */ = {
			isa = PBXGroup;
			children = (
				30E532FE1A1C0616000A41AB /* AppDelegate.swift */,
				30E533001A1C0616000A41AB /* ViewController.swift */,
				30E5331E1A1C095A000A41AB /* Tiger.swift */,
				30DD57321A1E859C009F0D9E /* Loion.swift */,
				30DD57341A1E9A9A009F0D9E /* LionCub.swift */,
				30E533021A1C0616000A41AB /* Main.storyboard */,
				30E533051A1C0616000A41AB /* Images.xcassets */,
				30E533071A1C0616000A41AB /* LaunchScreen.xib */,
				30E532FC1A1C0616000A41AB /* Supporting Files */,
			);
			path = LionsAndTigers;
			sourceTree = "<group>";
		};
		30E532FC1A1C0616000A41AB /* Supporting Files */ = {
			isa = PBXGroup;
			children = (
				30E533201A1C0BA6000A41AB /* LionsAndTigersAssets */,
				30E532FD1A1C0616000A41AB /* Info.plist */,
			);
			name = "Supporting Files";
			sourceTree = "<group>";
		};
		30E533111A1C0616000A41AB /* LionsAndTigersTests */ = {
			isa = PBXGroup;
			children = (
				30E533141A1C0616000A41AB /* LionsAndTigersTests.swift */,
				30E533121A1C0616000A41AB /* Supporting Files */,
			);
			path = LionsAndTigersTests;
			sourceTree = "<group>";
		};
		30E533121A1C0616000A41AB /* Supporting Files */ = {
			isa = PBXGroup;
			children = (
				30E533131A1C0616000A41AB /* Info.plist */,
			);
			name = "Supporting Files";
			sourceTree = "<group>";
		};
		30E533201A1C0BA6000A41AB /* LionsAndTigersAssets */ = {
			isa = PBXGroup;
			children = (
				30E533211A1C0BA6000A41AB /* BengalTiger.jpg */,
				30E533221A1C0BA6000A41AB /* IndochineseTiger.jpg */,
				30E533231A1C0BA6000A41AB /* Lion.jpg */,
				30E533241A1C0BA6000A41AB /* LionCub1.jpg */,
				30E533251A1C0BA6000A41AB /* LionCub2.jpeg */,
				30E533261A1C0BA6000A41AB /* Lioness.jpeg */,
				30E533271A1C0BA6000A41AB /* MalayanTiger.jpg */,
				30E533281A1C0BA6000A41AB /* SiberianTiger.jpg */,
			);
			path = LionsAndTigersAssets;
			sourceTree = "<group>";
		};
/* End PBXGroup section */

/* Begin PBXNativeTarget section */
		30E532F81A1C0616000A41AB /* LionsAndTigers */ = {
			isa = PBXNativeTarget;
			buildConfigurationList = 30E533181A1C0616000A41AB /* Build configuration list for PBXNativeTarget "LionsAndTigers" */;
			buildPhases = (
				30E532F51A1C0616000A41AB /* Sources */,
				30E532F61A1C0616000A41AB /* Frameworks */,
				30E532F71A1C0616000A41AB /* Resources */,
			);
			buildRules = (
			);
			dependencies = (
			);
			name = LionsAndTigers;
			productName = LionsAndTigers;
			productReference = 30E532F91A1C0616000A41AB /* LionsAndTigers.app */;
			productType = "com.apple.product-type.application";
		};
		30E5330D1A1C0616000A41AB /* LionsAndTigersTests */ = {
			isa = PBXNativeTarget;
			buildConfigurationList = 30E5331B1A1C0616000A41AB /* Build configuration list for PBXNativeTarget "LionsAndTigersTests" */;
			buildPhases = (
				30E5330A1A1C0616000A41AB /* Sources */,
				30E5330B1A1C0616000A41AB /* Frameworks */,
				30E5330C1A1C0616000A41AB /* Resources */,
			);
			buildRules = (
			);
			dependencies = (
				30E533101A1C0616000A41AB /* PBXTargetDependency */,
			);
			name = LionsAndTigersTests;
			productName = LionsAndTigersTests;
			productReference = 30E5330E1A1C0616000A41AB /* LionsAndTigersTests.xctest */;
			productType = "com.apple.product-type.bundle.unit-test";
		};
/* End PBXNativeTarget section */

/* Begin PBXProject section */
		30E532F11A1C0616000A41AB /* Project object */ = {
			isa = PBXProject;
			attributes = {
				LastUpgradeCheck = 0610;
				ORGANIZATIONNAME = Tasin;
				TargetAttributes = {
					30E532F81A1C0616000A41AB = {
						CreatedOnToolsVersion = 6.1;
					};
					30E5330D1A1C0616000A41AB = {
						CreatedOnToolsVersion = 6.1;
						TestTargetID = 30E532F81A1C0616000A41AB;
					};
				};
			};
			buildConfigurationList = 30E532F41A1C0616000A41AB /* Build configuration list for PBXProject "LionsAndTigers" */;
			compatibilityVersion = "Xcode 3.2";
			developmentRegion = English;
			hasScannedForEncodings = 0;
			knownRegions = (
				en,
				Base,
			);
			mainGroup = 30E532F01A1C0616000A41AB;
			productRefGroup = 30E532FA1A1C0616000A41AB /* Products */;
			projectDirPath = "";
			projectRoot = "";
			targets = (
				30E532F81A1C0616000A41AB /* LionsAndTigers */,
				30E5330D1A1C0616000A41AB /* LionsAndTigersTests */,
			);
		};
/* End PBXProject section */

/* Begin PBXResourcesBuildPhase section */
		30E532F71A1C0616000A41AB /* Resources */ = {
			isa = PBXResourcesBuildPhase;
			buildActionMask = 2147483647;
			files = (
				30E5332A1A1C0BA6000A41AB /* IndochineseTiger.jpg in Resources */,
				30E533041A1C0616000A41AB /* Main.storyboard in Resources */,
				30E533091A1C0616000A41AB /* LaunchScreen.xib in Resources */,
				30E5332E1A1C0BA6000A41AB /* Lioness.jpeg in Resources */,
				30E5332C1A1C0BA6000A41AB /* LionCub1.jpg in Resources */,
				30E5332F1A1C0BA6000A41AB /* MalayanTiger.jpg in Resources */,
				30E533301A1C0BA6000A41AB /* SiberianTiger.jpg in Resources */,
				30E533291A1C0BA6000A41AB /* BengalTiger.jpg in Resources */,
				30E533061A1C0616000A41AB /* Images.xcassets in Resources */,
				30E5332B1A1C0BA6000A41AB /* Lion.jpg in Resources */,
				30E5332D1A1C0BA6000A41AB /* LionCub2.jpeg in Resources */,
			);
			runOnlyForDeploymentPostprocessing = 0;
		};
		30E5330C1A1C0616000A41AB /* Resources */ = {
			isa = PBXResourcesBuildPhase;
			buildActionMask = 2147483647;
			files = (
			);
			runOnlyForDeploymentPostprocessing = 0;
		};
/* End PBXResourcesBuildPhase section */

/* Begin PBXSourcesBuildPhase section */
		30E532F51A1C0616000A41AB /* Sources */ = {
			isa = PBXSourcesBuildPhase;
			buildActionMask = 2147483647;
			files = (
				30E533011A1C0616000A41AB /* ViewController.swift in Sources */,
				30E5331F1A1C095A000A41AB /* Tiger.swift in Sources */,
				30E532FF1A1C0616000A41AB /* AppDelegate.swift in Sources */,
				30DD57351A1E9A9A009F0D9E /* LionCub.swift in Sources */,
				30DD57331A1E859C009F0D9E /* Loion.swift in Sources */,
			);
			runOnlyForDeploymentPostprocessing = 0;
		};
		30E5330A1A1C0616000A41AB /* Sources */ = {
			isa = PBXSourcesBuildPhase;
			buildActionMask = 2147483647;
			files = (
				30E533151A1C0616000A41AB /* LionsAndTigersTests.swift in Sources */,
			);
			runOnlyForDeploymentPostprocessing = 0;
		};
/* End PBXSourcesBuildPhase section */

/* Begin PBXTargetDependency section */
		30E533101A1C0616000A41AB /* PBXTargetDependency */ = {
			isa = PBXTargetDependency;
			target = 30E532F81A1C0616000A41AB /* LionsAndTigers */;
			targetProxy = 30E5330F1A1C0616000A41AB /* PBXContainerItemProxy */;
		};
/* End PBXTargetDependency section */

/* Begin PBXVariantGroup section */
		30E533021A1C0616000A41AB /* Main.storyboard */ = {
			isa = PBXVariantGroup;
			children = (
				30E533031A1C0616000A41AB /* Base */,
			);
			name = Main.storyboard;
			sourceTree = "<group>";
		};
		30E533071A1C0616000A41AB /* LaunchScreen.xib */ = {
			isa = PBXVariantGroup;
			children = (
				30E533081A1C0616000A41AB /* Base */,
			);
			name = LaunchScreen.xib;
			sourceTree = "<group>";
		};
/* End PBXVariantGroup section */

/* Begin XCBuildConfiguration section */
		30E533161A1C0616000A41AB /* Debug */ = {
			isa = XCBuildConfiguration;
			buildSettings = {
				ALWAYS_SEARCH_USER_PATHS = NO;
				CLANG_CXX_LANGUAGE_STANDARD = "gnu++0x";
				CLANG_CXX_LIBRARY = "libc++";
				CLANG_ENABLE_MODULES = YES;
				CLANG_ENABLE_OBJC_ARC = YES;
				CLANG_WARN_BOOL_CONVERSION = YES;
				CLANG_WARN_CONSTANT_CONVERSION = YES;
				CLANG_WARN_DIRECT_OBJC_ISA_USAGE = YES_ERROR;
				CLANG_WARN_EMPTY_BODY = YES;
				CLANG_WARN_ENUM_CONVERSION = YES;
				CLANG_WARN_INT_CONVERSION = YES;
				CLANG_WARN_OBJC_ROOT_CLASS = YES_ERROR;
				CLANG_WARN_UNREACHABLE_CODE = YES;
				CLANG_WARN__DUPLICATE_METHOD_MATCH = YES;
				"CODE_SIGN_IDENTITY[sdk=iphoneos*]" = "iPhone Developer";
				COPY_PHASE_STRIP = NO;
				ENABLE_STRICT_OBJC_MSGSEND = YES;
				GCC_C_LANGUAGE_STANDARD = gnu99;
				GCC_DYNAMIC_NO_PIC = NO;
				GCC_OPTIMIZATION_LEVEL = 0;
				GCC_PREPROCESSOR_DEFINITIONS = (
					"DEBUG=1",
					"$(inherited)",
				);
				GCC_SYMBOLS_PRIVATE_EXTERN = NO;
				GCC_WARN_64_TO_32_BIT_CONVERSION = YES;
				GCC_WARN_ABOUT_RETURN_TYPE = YES_ERROR;
				GCC_WARN_UNDECLARED_SELECTOR = YES;
				GCC_WARN_UNINITIALIZED_AUTOS = YES_AGGRESSIVE;
				GCC_WARN_UNUSED_FUNCTION = YES;
				GCC_WARN_UNUSED_VARIABLE = YES;
				IPHONEOS_DEPLOYMENT_TARGET = 8.1;
				MTL_ENABLE_DEBUG_INFO = YES;
				ONLY_ACTIVE_ARCH = YES;
				SDKROOT = iphoneos;
				SWIFT_OPTIMIZATION_LEVEL = "-Onone";
				TARGETED_DEVICE_FAMILY = "1,2";
			};
			name = Debug;
		};
		30E533171A1C0616000A41AB /* Release */ = {
			isa = XCBuildConfiguration;
			buildSettings = {
				ALWAYS_SEARCH_USER_PATHS = NO;
				CLANG_CXX_LANGUAGE_STANDARD = "gnu++0x";
				CLANG_CXX_LIBRARY = "libc++";
				CLANG_ENABLE_MODULES = YES;
				CLANG_ENABLE_OBJC_ARC = YES;
				CLANG_WARN_BOOL_CONVERSION = YES;
				CLANG_WARN_CONSTANT_CONVERSION = YES;
				CLANG_WARN_DIRECT_OBJC_ISA_USAGE = YES_ERROR;
				CLANG_WARN_EMPTY_BODY = YES;
				CLANG_WARN_ENUM_CONVERSION = YES;
				CLANG_WARN_INT_CONVERSION = YES;
				CLANG_WARN_OBJC_ROOT_CLASS = YES_ERROR;
				CLANG_WARN_UNREACHABLE_CODE = YES;
				CLANG_WARN__DUPLICATE_METHOD_MATCH = YES;
				"CODE_SIGN_IDENTITY[sdk=iphoneos*]" = "iPhone Developer";
				COPY_PHASE_STRIP = YES;
				ENABLE_NS_ASSERTIONS = NO;
				ENABLE_STRICT_OBJC_MSGSEND = YES;
				GCC_C_LANGUAGE_STANDARD = gnu99;
				GCC_WARN_64_TO_32_BIT_CONVERSION = YES;
				GCC_WARN_ABOUT_RETURN_TYPE = YES_ERROR;
				GCC_WARN_UNDECLARED_SELECTOR = YES;
				GCC_WARN_UNINITIALIZED_AUTOS = YES_AGGRESSIVE;
				GCC_WARN_UNUSED_FUNCTION = YES;
				GCC_WARN_UNUSED_VARIABLE = YES;
				IPHONEOS_DEPLOYMENT_TARGET = 8.1;
				MTL_ENABLE_DEBUG_INFO = NO;
				SDKROOT = iphoneos;
				TARGETED_DEVICE_FAMILY = "1,2";
				VALIDATE_PRODUCT = YES;
			};
			name = Release;
		};
		30E533191A1C0616000A41AB /* Debug */ = {
			isa = XCBuildConfiguration;
			buildSettings = {
				ASSETCATALOG_COMPILER_APPICON_NAME = AppIcon;
				INFOPLIST_FILE = LionsAndTigers/Info.plist;
				LD_RUNPATH_SEARCH_PATHS = "$(inherited) @executable_path/Frameworks";
				PRODUCT_NAME = "$(TARGET_NAME)";
			};
			name = Debug;
		};
		30E5331A1A1C0616000A41AB /* Release */ = {
			isa = XCBuildConfiguration;
			buildSettings = {
				ASSETCATALOG_COMPILER_APPICON_NAME = AppIcon;
				INFOPLIST_FILE = LionsAndTigers/Info.plist;
				LD_RUNPATH_SEARCH_PATHS = "$(inherited) @executable_path/Frameworks";
				PRODUCT_NAME = "$(TARGET_NAME)";
			};
			name = Release;
		};
		30E5331C1A1C0616000A41AB /* Debug */ = {
			isa = XCBuildConfiguration;
			buildSettings = {
				BUNDLE_LOADER = "$(TEST_HOST)";
				FRAMEWORK_SEARCH_PATHS = (
					"$(SDKROOT)/Developer/Library/Frameworks",
					"$(inherited)",
				);
				GCC_PREPROCESSOR_DEFINITIONS = (
					"DEBUG=1",
					"$(inherited)",
				);
				INFOPLIST_FILE = LionsAndTigersTests/Info.plist;
				LD_RUNPATH_SEARCH_PATHS = "$(inherited) @executable_path/Frameworks @loader_path/Frameworks";
				PRODUCT_NAME = "$(TARGET_NAME)";
				TEST_HOST = "$(BUILT_PRODUCTS_DIR)/LionsAndTigers.app/LionsAndTigers";
			};
			name = Debug;
		};
		30E5331D1A1C0616000A41AB /* Release */ = {
			isa = XCBuildConfiguration;
			buildSettings = {
				BUNDLE_LOADER = "$(TEST_HOST)";
				FRAMEWORK_SEARCH_PATHS = (
					"$(SDKROOT)/Developer/Library/Frameworks",
					"$(inherited)",
				);
				INFOPLIST_FILE = LionsAndTigersTests/Info.plist;
				LD_RUNPATH_SEARCH_PATHS = "$(inherited) @executable_path/Frameworks @loader_path/Frameworks";
				PRODUCT_NAME = "$(TARGET_NAME)";
				TEST_HOST = "$(BUILT_PRODUCTS_DIR)/LionsAndTigers.app/LionsAndTigers";
			};
			name = Release;
		};
/* End XCBuildConfiguration section */

/* Begin XCConfigurationList section */
		30E532F41A1C0616000A41AB /* Build configuration list for PBXProject "LionsAndTigers" */ = {
			isa = XCConfigurationList;
			buildConfigurations = (
				30E533161A1C0616000A41AB /* Debug */,
				30E533171A1C0616000A41AB /* Release */,
			);
			defaultConfigurationIsVisible = 0;
			defaultConfigurationName = Release;
		};
		30E533181A1C0616000A41AB /* Build configuration list for PBXNativeTarget "LionsAndTigers" */ = {
			isa = XCConfigurationList;
			buildConfigurations = (
				30E533191A1C0616000A41AB /* Debug */,
				30E5331A1A1C0616000A41AB /* Release */,
			);
			defaultConfigurationIsVisible = 0;
			defaultConfigurationName = Release;
		};
		30E5331B1A1C0616000A41AB /* Build configuration list for PBXNativeTarget "LionsAndTigersTests" */ = {
			isa = XCConfigurationList;
			buildConfigurations = (
				30E5331C1A1C0616000A41AB /* Debug */,
				30E5331D1A1C0616000A41AB /* Release */,
			);
			defaultConfigurationIsVisible = 0;
			defaultConfigurationName = Release;
		};
/* End XCConfigurationList section */
	};
	rootObject = 30E532F11A1C0616000A41AB /* Project object */;
}
